
Microsoft Visual Studio Solution File, Format Version 12.00
# Visual Studio Version 16
VisualStudioVersion = 16.0.30611.23
MinimumVisualStudioVersion = 10.0.40219.1
Project("{FAE04EC0-301F-11D3-BF4B-00C04F79EFBC}") = "BasitEokulUygulaması", "BasitEokulUygulaması\BasitEokulUygulaması.csproj", "{DA53DDE6-EE6C-473A-BD4A-FFD9CB3C58A9}"
EndProject
Global
	GlobalSection(SolutionConfigurationPlatforms) = preSolution
		Debug|Any CPU = Debug|Any CPU
		Release|Any CPU = Release|Any CPU
	EndGlobalSection
	GlobalSection(ProjectConfigurationPlatforms) = postSolution
		{DA53DDE6-EE6C-473A-BD4A-FFD9CB3C58A9}.Debug|Any CPU.ActiveCfg = Debug|Any CPU
		{DA53DDE6-EE6C-473A-BD4A-FFD9CB3C58A9}.Debug|Any CPU.Build.0 = Debug|Any CPU
		{DA53DDE6-EE6C-473A-BD4A-FFD9CB3C58A9}.Release|Any CPU.ActiveCfg = Release|Any CPU
		{DA53DDE6-EE6C-473A-BD4A-FFD9CB3C58A9}.Release|Any CPU.Build.0 = Release|Any CPU
	EndGlobalSection
	GlobalSection(SolutionProperties) = preSolution
		HideSolutionNode = FALSE
	EndGlobalSection
	GlobalSection(ExtensibilityGlobals) = postSolution
		SolutionGuid = {0E4ADC70-0969-4AC4-B030-095EDD6E14A5}
	EndGlobalSection
EndGlobal
